
Microsoft Visual Studio Solution File, Format Version 12.00
# Visual Studio 15
VisualStudioVersion = 15.0.26228.9
MinimumVisualStudioVersion = 10.0.40219.1
Project("{FAE04EC0-301F-11D3-BF4B-00C04F79EFBC}") = "WebApiRouting", "WebApiRouting\WebApiRouting.csproj", "{6C85A55F-7406-41BB-A3B9-0890AEC1456E}"
EndProject
Global
	GlobalSection(SolutionConfigurationPlatforms) = preSolution
		Debug|Any CPU = Debug|Any CPU
		Release|Any CPU = Release|Any CPU
	EndGlobalSection
	GlobalSection(ProjectConfigurationPlatforms) = postSolution
		{6C85A55F-7406-41BB-A3B9-0890AEC1456E}.Debug|Any CPU.ActiveCfg = Debug|Any CPU
		{6C85A55F-7406-41BB-A3B9-0890AEC1456E}.Debug|Any CPU.Build.0 = Debug|Any CPU
		{6C85A55F-7406-41BB-A3B9-0890AEC1456E}.Release|Any CPU.ActiveCfg = Release|Any CPU
		{6C85A55F-7406-41BB-A3B9-0890AEC1456E}.Release|Any CPU.Build.0 = Release|Any CPU
	EndGlobalSection
	GlobalSection(SolutionProperties) = preSolution
		HideSolutionNode = FALSE
	EndGlobalSection
EndGlobal
